
Microsoft Visual Studio Solution File, Format Version 12.00
# Visual Studio 15
VisualStudioVersion = 15.0.27703.2000
MinimumVisualStudioVersion = 10.0.40219.1
Project("{FAE04EC0-301F-11D3-BF4B-00C04F79EFBC}") = "Killowatt", "Killowatt\Killowatt.csproj", "{3CA2B45A-B321-4D09-9284-629A2C382E14}"
EndProject
Project("{FAE04EC0-301F-11D3-BF4B-00C04F79EFBC}") = "Killowatt.Test", "Killowatt.Test\Killowatt.Test.csproj", "{15479865-9C6C-4FD2-AA22-43E6265AB66B}"
EndProject
Global
	GlobalSection(SolutionConfigurationPlatforms) = preSolution
		Debug|Any CPU = Debug|Any CPU
		Release|Any CPU = Release|Any CPU
	EndGlobalSection
	GlobalSection(ProjectConfigurationPlatforms) = postSolution
		{3CA2B45A-B321-4D09-9284-629A2C382E14}.Debug|Any CPU.ActiveCfg = Debug|Any CPU
		{3CA2B45A-B321-4D09-9284-629A2C382E14}.Debug|Any CPU.Build.0 = Debug|Any CPU
		{3CA2B45A-B321-4D09-9284-629A2C382E14}.Release|Any CPU.ActiveCfg = Release|Any CPU
		{3CA2B45A-B321-4D09-9284-629A2C382E14}.Release|Any CPU.Build.0 = Release|Any CPU
		{15479865-9C6C-4FD2-AA22-43E6265AB66B}.Debug|Any CPU.ActiveCfg = Debug|Any CPU
		{15479865-9C6C-4FD2-AA22-43E6265AB66B}.Debug|Any CPU.Build.0 = Debug|Any CPU
		{15479865-9C6C-4FD2-AA22-43E6265AB66B}.Release|Any CPU.ActiveCfg = Release|Any CPU
		{15479865-9C6C-4FD2-AA22-43E6265AB66B}.Release|Any CPU.Build.0 = Release|Any CPU
	EndGlobalSection
	GlobalSection(SolutionProperties) = preSolution
		HideSolutionNode = FALSE
	EndGlobalSection
	GlobalSection(ExtensibilityGlobals) = postSolution
		SolutionGuid = {3D6236A0-6EC0-4366-8FDA-F12E7511A1FE}
	EndGlobalSection
EndGlobal
